// !$*UTF8*$!
{
	archiveVersion = 1;
	classes = {
	};
	objectVersion = 50;
	objects = {

/* Begin PBXBuildFile section */
		CE075526245B59B0005D1996 /* AppDelegate.swift in Sources */ = {isa = PBXBuildFile; fileRef = CE075525245B59B0005D1996 /* AppDelegate.swift */; };
		CE075528245B59B0005D1996 /* SceneDelegate.swift in Sources */ = {isa = PBXBuildFile; fileRef = CE075527245B59B0005D1996 /* SceneDelegate.swift */; };
		CE07552B245B59B0005D1996 /* SwiftUICombineBase.xcdatamodeld in Sources */ = {isa = PBXBuildFile; fileRef = CE075529245B59B0005D1996 /* SwiftUICombineBase.xcdatamodeld */; };
		CE07552D245B59B0005D1996 /* ContentView.swift in Sources */ = {isa = PBXBuildFile; fileRef = CE07552C245B59B0005D1996 /* ContentView.swift */; };
		CE07552F245B59B5005D1996 /* Assets.xcassets in Resources */ = {isa = PBXBuildFile; fileRef = CE07552E245B59B5005D1996 /* Assets.xcassets */; };
		CE075532245B59B5005D1996 /* Preview Assets.xcassets in Resources */ = {isa = PBXBuildFile; fileRef = CE075531245B59B5005D1996 /* Preview Assets.xcassets */; };
		CE075535245B59B5005D1996 /* LaunchScreen.storyboard in Resources */ = {isa = PBXBuildFile; fileRef = CE075533245B59B5005D1996 /* LaunchScreen.storyboard */; };
		CE075540245B59B5005D1996 /* SwiftUICombineBaseTests.swift in Sources */ = {isa = PBXBuildFile; fileRef = CE07553F245B59B5005D1996 /* SwiftUICombineBaseTests.swift */; };
		CE07554B245B59B5005D1996 /* SwiftUICombineBaseUITests.swift in Sources */ = {isa = PBXBuildFile; fileRef = CE07554A245B59B5005D1996 /* SwiftUICombineBaseUITests.swift */; };
		CE075559245B5AD7005D1996 /* Todo.swift in Sources */ = {isa = PBXBuildFile; fileRef = CE075558245B5AD7005D1996 /* Todo.swift */; };
		CE07555B245B5B82005D1996 /* DataManagerProtocol.swift in Sources */ = {isa = PBXBuildFile; fileRef = CE07555A245B5B82005D1996 /* DataManagerProtocol.swift */; };
		CE075560245B5E7F005D1996 /* DataManager.swift in Sources */ = {isa = PBXBuildFile; fileRef = CE07555F245B5E7F005D1996 /* DataManager.swift */; };
		CE075563245B5EE0005D1996 /* TodoListViewModel.swift in Sources */ = {isa = PBXBuildFile; fileRef = CE075562245B5EE0005D1996 /* TodoListViewModel.swift */; };
		CE075568245B61DF005D1996 /* TodoListView.swift in Sources */ = {isa = PBXBuildFile; fileRef = CE075567245B61DF005D1996 /* TodoListView.swift */; };
		CE07556A245B62B7005D1996 /* MockDataManager.swift in Sources */ = {isa = PBXBuildFile; fileRef = CE075569245B62B7005D1996 /* MockDataManager.swift */; };
		CE07556D245B6538005D1996 /* NewTodoViewModel.swift in Sources */ = {isa = PBXBuildFile; fileRef = CE07556C245B6538005D1996 /* NewTodoViewModel.swift */; };
/* End PBXBuildFile section */

/* Begin PBXContainerItemProxy section */
		CE07553C245B59B5005D1996 /* PBXContainerItemProxy */ = {
			isa = PBXContainerItemProxy;
			containerPortal = CE07551A245B59B0005D1996 /* Project object */;
			proxyType = 1;
			remoteGlobalIDString = CE075521245B59B0005D1996;
			remoteInfo = SwiftUICombineBase;
		};
		CE075547245B59B5005D1996 /* PBXContainerItemProxy */ = {
			isa = PBXContainerItemProxy;
			containerPortal = CE07551A245B59B0005D1996 /* Project object */;
			proxyType = 1;
			remoteGlobalIDString = CE075521245B59B0005D1996;
			remoteInfo = SwiftUICombineBase;
		};
/* End PBXContainerItemProxy section */

/* Begin PBXFileReference section */
		CE075522245B59B0005D1996 /* SwiftUICombineBase.app */ = {isa = PBXFileReference; explicitFileType = wrapper.application; includeInIndex = 0; path = SwiftUICombineBase.app; sourceTree = BUILT_PRODUCTS_DIR; };
		CE075525245B59B0005D1996 /* AppDelegate.swift */ = {isa = PBXFileReference; lastKnownFileType = sourcecode.swift; path = AppDelegate.swift; sourceTree = "<group>"; };
		CE075527245B59B0005D1996 /* SceneDelegate.swift */ = {isa = PBXFileReference; lastKnownFileType = sourcecode.swift; path = SceneDelegate.swift; sourceTree = "<group>"; };
		CE07552A245B59B0005D1996 /* SwiftUICombineBase.xcdatamodel */ = {isa = PBXFileReference; lastKnownFileType = wrapper.xcdatamodel; path = SwiftUICombineBase.xcdatamodel; sourceTree = "<group>"; };
		CE07552C245B59B0005D1996 /* ContentView.swift */ = {isa = PBXFileReference; lastKnownFileType = sourcecode.swift; path = ContentView.swift; sourceTree = "<group>"; };
		CE07552E245B59B5005D1996 /* Assets.xcassets */ = {isa = PBXFileReference; lastKnownFileType = folder.assetcatalog; path = Assets.xcassets; sourceTree = "<group>"; };
		CE075531245B59B5005D1996 /* Preview Assets.xcassets */ = {isa = PBXFileReference; lastKnownFileType = folder.assetcatalog; path = "Preview Assets.xcassets"; sourceTree = "<group>"; };
		CE075534245B59B5005D1996 /* Base */ = {isa = PBXFileReference; lastKnownFileType = file.storyboard; name = Base; path = Base.lproj/LaunchScreen.storyboard; sourceTree = "<group>"; };
		CE075536245B59B5005D1996 /* Info.plist */ = {isa = PBXFileReference; lastKnownFileType = text.plist.xml; path = Info.plist; sourceTree = "<group>"; };
		CE07553B245B59B5005D1996 /* SwiftUICombineBaseTests.xctest */ = {isa = PBXFileReference; explicitFileType = wrapper.cfbundle; includeInIndex = 0; path = SwiftUICombineBaseTests.xctest; sourceTree = BUILT_PRODUCTS_DIR; };
		CE07553F245B59B5005D1996 /* SwiftUICombineBaseTests.swift */ = {isa = PBXFileReference; lastKnownFileType = sourcecode.swift; path = SwiftUICombineBaseTests.swift; sourceTree = "<group>"; };
		CE075541245B59B5005D1996 /* Info.plist */ = {isa = PBXFileReference; lastKnownFileType = text.plist.xml; path = Info.plist; sourceTree = "<group>"; };
		CE075546245B59B5005D1996 /* SwiftUICombineBaseUITests.xctest */ = {isa = PBXFileReference; explicitFileType = wrapper.cfbundle; includeInIndex = 0; path = SwiftUICombineBaseUITests.xctest; sourceTree = BUILT_PRODUCTS_DIR; };
		CE07554A245B59B5005D1996 /* SwiftUICombineBaseUITests.swift */ = {isa = PBXFileReference; lastKnownFileType = sourcecode.swift; path = SwiftUICombineBaseUITests.swift; sourceTree = "<group>"; };
		CE07554C245B59B5005D1996 /* Info.plist */ = {isa = PBXFileReference; lastKnownFileType = text.plist.xml; path = Info.plist; sourceTree = "<group>"; };
		CE075558245B5AD7005D1996 /* Todo.swift */ = {isa = PBXFileReference; lastKnownFileType = sourcecode.swift; path = Todo.swift; sourceTree = "<group>"; };
		CE07555A245B5B82005D1996 /* DataManagerProtocol.swift */ = {isa = PBXFileReference; lastKnownFileType = sourcecode.swift; path = DataManagerProtocol.swift; sourceTree = "<group>"; };
		CE07555F245B5E7F005D1996 /* DataManager.swift */ = {isa = PBXFileReference; lastKnownFileType = sourcecode.swift; path = DataManager.swift; sourceTree = "<group>"; };
		CE075562245B5EE0005D1996 /* TodoListViewModel.swift */ = {isa = PBXFileReference; lastKnownFileType = sourcecode.swift; path = TodoListViewModel.swift; sourceTree = "<group>"; };
		CE075567245B61DF005D1996 /* TodoListView.swift */ = {isa = PBXFileReference; lastKnownFileType = sourcecode.swift; path = TodoListView.swift; sourceTree = "<group>"; };
		CE075569245B62B7005D1996 /* MockDataManager.swift */ = {isa = PBXFileReference; lastKnownFileType = sourcecode.swift; path = MockDataManager.swift; sourceTree = "<group>"; };
		CE07556C245B6538005D1996 /* NewTodoViewModel.swift */ = {isa = PBXFileReference; lastKnownFileType = sourcecode.swift; path = NewTodoViewModel.swift; sourceTree = "<group>"; };
/* End PBXFileReference section */

/* Begin PBXFrameworksBuildPhase section */
		CE07551F245B59B0005D1996 /* Frameworks */ = {
			isa = PBXFrameworksBuildPhase;
			buildActionMask = 2147483647;
			files = (
			);
			runOnlyForDeploymentPostprocessing = 0;
		};
		CE075538245B59B5005D1996 /* Frameworks */ = {
			isa = PBXFrameworksBuildPhase;
			buildActionMask = 2147483647;
			files = (
			);
			runOnlyForDeploymentPostprocessing = 0;
		};
		CE075543245B59B5005D1996 /* Frameworks */ = {
			isa = PBXFrameworksBuildPhase;
			buildActionMask = 2147483647;
			files = (
			);
			runOnlyForDeploymentPostprocessing = 0;
		};
/* End PBXFrameworksBuildPhase section */

/* Begin PBXGroup section */
		CE075519245B59B0005D1996 = {
			isa = PBXGroup;
			children = (
				CE075524245B59B0005D1996 /* SwiftUICombineBase */,
				CE07553E245B59B5005D1996 /* SwiftUICombineBaseTests */,
				CE075549245B59B5005D1996 /* SwiftUICombineBaseUITests */,
				CE075523245B59B0005D1996 /* Products */,
			);
			sourceTree = "<group>";
		};
		CE075523245B59B0005D1996 /* Products */ = {
			isa = PBXGroup;
			children = (
				CE075522245B59B0005D1996 /* SwiftUICombineBase.app */,
				CE07553B245B59B5005D1996 /* SwiftUICombineBaseTests.xctest */,
				CE075546245B59B5005D1996 /* SwiftUICombineBaseUITests.xctest */,
			);
			name = Products;
			sourceTree = "<group>";
		};
		CE075524245B59B0005D1996 /* SwiftUICombineBase */ = {
			isa = PBXGroup;
			children = (
				CE07556B245B64C3005D1996 /* TodoListModule */,
				CE07555E245B5E76005D1996 /* managers */,
				CE07555D245B5B93005D1996 /* protocols */,
				CE075525245B59B0005D1996 /* AppDelegate.swift */,
				CE075527245B59B0005D1996 /* SceneDelegate.swift */,
				CE07552C245B59B0005D1996 /* ContentView.swift */,
				CE07552E245B59B5005D1996 /* Assets.xcassets */,
				CE075533245B59B5005D1996 /* LaunchScreen.storyboard */,
				CE075536245B59B5005D1996 /* Info.plist */,
				CE075529245B59B0005D1996 /* SwiftUICombineBase.xcdatamodeld */,
				CE075530245B59B5005D1996 /* Preview Content */,
			);
			path = SwiftUICombineBase;
			sourceTree = "<group>";
		};
		CE075530245B59B5005D1996 /* Preview Content */ = {
			isa = PBXGroup;
			children = (
				CE075531245B59B5005D1996 /* Preview Assets.xcassets */,
			);
			path = "Preview Content";
			sourceTree = "<group>";
		};
		CE07553E245B59B5005D1996 /* SwiftUICombineBaseTests */ = {
			isa = PBXGroup;
			children = (
				CE07553F245B59B5005D1996 /* SwiftUICombineBaseTests.swift */,
				CE075541245B59B5005D1996 /* Info.plist */,
			);
			path = SwiftUICombineBaseTests;
			sourceTree = "<group>";
		};
		CE075549245B59B5005D1996 /* SwiftUICombineBaseUITests */ = {
			isa = PBXGroup;
			children = (
				CE07554A245B59B5005D1996 /* SwiftUICombineBaseUITests.swift */,
				CE07554C245B59B5005D1996 /* Info.plist */,
			);
			path = SwiftUICombineBaseUITests;
			sourceTree = "<group>";
		};
		CE07555D245B5B93005D1996 /* protocols */ = {
			isa = PBXGroup;
			children = (
				CE07555A245B5B82005D1996 /* DataManagerProtocol.swift */,
			);
			path = protocols;
			sourceTree = "<group>";
		};
		CE07555E245B5E76005D1996 /* managers */ = {
			isa = PBXGroup;
			children = (
				CE07555F245B5E7F005D1996 /* DataManager.swift */,
				CE075569245B62B7005D1996 /* MockDataManager.swift */,
			);
			path = managers;
			sourceTree = "<group>";
		};
		CE07556B245B64C3005D1996 /* TodoListModule */ = {
			isa = PBXGroup;
			children = (
				CE075567245B61DF005D1996 /* TodoListView.swift */,
				CE075562245B5EE0005D1996 /* TodoListViewModel.swift */,
				CE075558245B5AD7005D1996 /* Todo.swift */,
				CE07556C245B6538005D1996 /* NewTodoViewModel.swift */,
			);
			path = TodoListModule;
			sourceTree = "<group>";
		};
/* End PBXGroup section */

/* Begin PBXNativeTarget section */
		CE075521245B59B0005D1996 /* SwiftUICombineBase */ = {
			isa = PBXNativeTarget;
			buildConfigurationList = CE07554F245B59B5005D1996 /* Build configuration list for PBXNativeTarget "SwiftUICombineBase" */;
			buildPhases = (
				CE07551E245B59B0005D1996 /* Sources */,
				CE07551F245B59B0005D1996 /* Frameworks */,
				CE075520245B59B0005D1996 /* Resources */,
			);
			buildRules = (
			);
			dependencies = (
			);
			name = SwiftUICombineBase;
			productName = SwiftUICombineBase;
			productReference = CE075522245B59B0005D1996 /* SwiftUICombineBase.app */;
			productType = "com.apple.product-type.application";
		};
		CE07553A245B59B5005D1996 /* SwiftUICombineBaseTests */ = {
			isa = PBXNativeTarget;
			buildConfigurationList = CE075552245B59B5005D1996 /* Build configuration list for PBXNativeTarget "SwiftUICombineBaseTests" */;
			buildPhases = (
				CE075537245B59B5005D1996 /* Sources */,
				CE075538245B59B5005D1996 /* Frameworks */,
				CE075539245B59B5005D1996 /* Resources */,
			);
			buildRules = (
			);
			dependencies = (
				CE07553D245B59B5005D1996 /* PBXTargetDependency */,
			);
			name = SwiftUICombineBaseTests;
			productName = SwiftUICombineBaseTests;
			productReference = CE07553B245B59B5005D1996 /* SwiftUICombineBaseTests.xctest */;
			productType = "com.apple.product-type.bundle.unit-test";
		};
		CE075545245B59B5005D1996 /* SwiftUICombineBaseUITests */ = {
			isa = PBXNativeTarget;
			buildConfigurationList = CE075555245B59B5005D1996 /* Build configuration list for PBXNativeTarget "SwiftUICombineBaseUITests" */;
			buildPhases = (
				CE075542245B59B5005D1996 /* Sources */,
				CE075543245B59B5005D1996 /* Frameworks */,
				CE075544245B59B5005D1996 /* Resources */,
			);
			buildRules = (
			);
			dependencies = (
				CE075548245B59B5005D1996 /* PBXTargetDependency */,
			);
			name = SwiftUICombineBaseUITests;
			productName = SwiftUICombineBaseUITests;
			productReference = CE075546245B59B5005D1996 /* SwiftUICombineBaseUITests.xctest */;
			productType = "com.apple.product-type.bundle.ui-testing";
		};
/* End PBXNativeTarget section */

/* Begin PBXProject section */
		CE07551A245B59B0005D1996 /* Project object */ = {
			isa = PBXProject;
			attributes = {
				LastSwiftUpdateCheck = 1140;
				LastUpgradeCheck = 1140;
				ORGANIZATIONNAME = "Shalom Friss";
				TargetAttributes = {
					CE075521245B59B0005D1996 = {
						CreatedOnToolsVersion = 11.4;
					};
					CE07553A245B59B5005D1996 = {
						CreatedOnToolsVersion = 11.4;
						TestTargetID = CE075521245B59B0005D1996;
					};
					CE075545245B59B5005D1996 = {
						CreatedOnToolsVersion = 11.4;
						TestTargetID = CE075521245B59B0005D1996;
					};
				};
			};
			buildConfigurationList = CE07551D245B59B0005D1996 /* Build configuration list for PBXProject "SwiftUICombineBase" */;
			compatibilityVersion = "Xcode 9.3";
			developmentRegion = en;
			hasScannedForEncodings = 0;
			knownRegions = (
				en,
				Base,
			);
			mainGroup = CE075519245B59B0005D1996;
			productRefGroup = CE075523245B59B0005D1996 /* Products */;
			projectDirPath = "";
			projectRoot = "";
			targets = (
				CE075521245B59B0005D1996 /* SwiftUICombineBase */,
				CE07553A245B59B5005D1996 /* SwiftUICombineBaseTests */,
				CE075545245B59B5005D1996 /* SwiftUICombineBaseUITests */,
			);
		};
/* End PBXProject section */

/* Begin PBXResourcesBuildPhase section */
		CE075520245B59B0005D1996 /* Resources */ = {
			isa = PBXResourcesBuildPhase;
			buildActionMask = 2147483647;
			files = (
				CE075535245B59B5005D1996 /* LaunchScreen.storyboard in Resources */,
				CE075532245B59B5005D1996 /* Preview Assets.xcassets in Resources */,
				CE07552F245B59B5005D1996 /* Assets.xcassets in Resources */,
			);
			runOnlyForDeploymentPostprocessing = 0;
		};
		CE075539245B59B5005D1996 /* Resources */ = {
			isa = PBXResourcesBuildPhase;
			buildActionMask = 2147483647;
			files = (
			);
			runOnlyForDeploymentPostprocessing = 0;
		};
		CE075544245B59B5005D1996 /* Resources */ = {
			isa = PBXResourcesBuildPhase;
			buildActionMask = 2147483647;
			files = (
			);
			runOnlyForDeploymentPostprocessing = 0;
		};
/* End PBXResourcesBuildPhase section */

/* Begin PBXSourcesBuildPhase section */
		CE07551E245B59B0005D1996 /* Sources */ = {
			isa = PBXSourcesBuildPhase;
			buildActionMask = 2147483647;
			files = (
				CE075563245B5EE0005D1996 /* TodoListViewModel.swift in Sources */,
				CE07556A245B62B7005D1996 /* MockDataManager.swift in Sources */,
				CE07556D245B6538005D1996 /* NewTodoViewModel.swift in Sources */,
				CE075526245B59B0005D1996 /* AppDelegate.swift in Sources */,
				CE07555B245B5B82005D1996 /* DataManagerProtocol.swift in Sources */,
				CE07552B245B59B0005D1996 /* SwiftUICombineBase.xcdatamodeld in Sources */,
				CE075560245B5E7F005D1996 /* DataManager.swift in Sources */,
				CE075568245B61DF005D1996 /* TodoListView.swift in Sources */,
				CE07552D245B59B0005D1996 /* ContentView.swift in Sources */,
				CE075528245B59B0005D1996 /* SceneDelegate.swift in Sources */,
				CE075559245B5AD7005D1996 /* Todo.swift in Sources */,
			);
			runOnlyForDeploymentPostprocessing = 0;
		};
		CE075537245B59B5005D1996 /* Sources */ = {
			isa = PBXSourcesBuildPhase;
			buildActionMask = 2147483647;
			files = (
				CE075540245B59B5005D1996 /* SwiftUICombineBaseTests.swift in Sources */,
			);
			runOnlyForDeploymentPostprocessing = 0;
		};
		CE075542245B59B5005D1996 /* Sources */ = {
			isa = PBXSourcesBuildPhase;
			buildActionMask = 2147483647;
			files = (
				CE07554B245B59B5005D1996 /* SwiftUICombineBaseUITests.swift in Sources */,
			);
			runOnlyForDeploymentPostprocessing = 0;
		};
/* End PBXSourcesBuildPhase section */

/* Begin PBXTargetDependency section */
		CE07553D245B59B5005D1996 /* PBXTargetDependency */ = {
			isa = PBXTargetDependency;
			target = CE075521245B59B0005D1996 /* SwiftUICombineBase */;
			targetProxy = CE07553C245B59B5005D1996 /* PBXContainerItemProxy */;
		};
		CE075548245B59B5005D1996 /* PBXTargetDependency */ = {
			isa = PBXTargetDependency;
			target = CE075521245B59B0005D1996 /* SwiftUICombineBase */;
			targetProxy = CE075547245B59B5005D1996 /* PBXContainerItemProxy */;
		};
/* End PBXTargetDependency section */

/* Begin PBXVariantGroup section */
		CE075533245B59B5005D1996 /* LaunchScreen.storyboard */ = {
			isa = PBXVariantGroup;
			children = (
				CE075534245B59B5005D1996 /* Base */,
			);
			name = LaunchScreen.storyboard;
			sourceTree = "<group>";
		};
/* End PBXVariantGroup section */

/* Begin XCBuildConfiguration section */
		CE07554D245B59B5005D1996 /* Debug */ = {
			isa = XCBuildConfiguration;
			buildSettings = {
				ALWAYS_SEARCH_USER_PATHS = NO;
				CLANG_ANALYZER_NONNULL = YES;
				CLANG_ANALYZER_NUMBER_OBJECT_CONVERSION = YES_AGGRESSIVE;
				CLANG_CXX_LANGUAGE_STANDARD = "gnu++14";
				CLANG_CXX_LIBRARY = "libc++";
				CLANG_ENABLE_MODULES = YES;
				CLANG_ENABLE_OBJC_ARC = YES;
				CLANG_ENABLE_OBJC_WEAK = YES;
				CLANG_WARN_BLOCK_CAPTURE_AUTORELEASING = YES;
				CLANG_WARN_BOOL_CONVERSION = YES;
				CLANG_WARN_COMMA = YES;
				CLANG_WARN_CONSTANT_CONVERSION = YES;
				CLANG_WARN_DEPRECATED_OBJC_IMPLEMENTATIONS = YES;
				CLANG_WARN_DIRECT_OBJC_ISA_USAGE = YES_ERROR;
				CLANG_WARN_DOCUMENTATION_COMMENTS = YES;
				CLANG_WARN_EMPTY_BODY = YES;
				CLANG_WARN_ENUM_CONVERSION = YES;
				CLANG_WARN_INFINITE_RECURSION = YES;
				CLANG_WARN_INT_CONVERSION = YES;
				CLANG_WARN_NON_LITERAL_NULL_CONVERSION = YES;
				CLANG_WARN_OBJC_IMPLICIT_RETAIN_SELF = YES;
				CLANG_WARN_OBJC_LITERAL_CONVERSION = YES;
				CLANG_WARN_OBJC_ROOT_CLASS = YES_ERROR;
				CLANG_WARN_RANGE_LOOP_ANALYSIS = YES;
				CLANG_WARN_STRICT_PROTOTYPES = YES;
				CLANG_WARN_SUSPICIOUS_MOVE = YES;
				CLANG_WARN_UNGUARDED_AVAILABILITY = YES_AGGRESSIVE;
				CLANG_WARN_UNREACHABLE_CODE = YES;
				CLANG_WARN__DUPLICATE_METHOD_MATCH = YES;
				COPY_PHASE_STRIP = NO;
				DEBUG_INFORMATION_FORMAT = dwarf;
				ENABLE_STRICT_OBJC_MSGSEND = YES;
				ENABLE_TESTABILITY = YES;
				GCC_C_LANGUAGE_STANDARD = gnu11;
				GCC_DYNAMIC_NO_PIC = NO;
				GCC_NO_COMMON_BLOCKS = YES;
				GCC_OPTIMIZATION_LEVEL = 0;
				GCC_PREPROCESSOR_DEFINITIONS = (
					"DEBUG=1",
					"$(inherited)",
				);
				GCC_WARN_64_TO_32_BIT_CONVERSION = YES;
				GCC_WARN_ABOUT_RETURN_TYPE = YES_ERROR;
				GCC_WARN_UNDECLARED_SELECTOR = YES;
				GCC_WARN_UNINITIALIZED_AUTOS = YES_AGGRESSIVE;
				GCC_WARN_UNUSED_FUNCTION = YES;
				GCC_WARN_UNUSED_VARIABLE = YES;
				IPHONEOS_DEPLOYMENT_TARGET = 13.4;
				MTL_ENABLE_DEBUG_INFO = INCLUDE_SOURCE;
				MTL_FAST_MATH = YES;
				ONLY_ACTIVE_ARCH = YES;
				SDKROOT = iphoneos;
				SWIFT_ACTIVE_COMPILATION_CONDITIONS = DEBUG;
				SWIFT_OPTIMIZATION_LEVEL = "-Onone";
			};
			name = Debug;
		};
		CE07554E245B59B5005D1996 /* Release */ = {
			isa = XCBuildConfiguration;
			buildSettings = {
				ALWAYS_SEARCH_USER_PATHS = NO;
				CLANG_ANALYZER_NONNULL = YES;
				CLANG_ANALYZER_NUMBER_OBJECT_CONVERSION = YES_AGGRESSIVE;
				CLANG_CXX_LANGUAGE_STANDARD = "gnu++14";
				CLANG_CXX_LIBRARY = "libc++";
				CLANG_ENABLE_MODULES = YES;
				CLANG_ENABLE_OBJC_ARC = YES;
				CLANG_ENABLE_OBJC_WEAK = YES;
				CLANG_WARN_BLOCK_CAPTURE_AUTORELEASING = YES;
				CLANG_WARN_BOOL_CONVERSION = YES;
				CLANG_WARN_COMMA = YES;
				CLANG_WARN_CONSTANT_CONVERSION = YES;
				CLANG_WARN_DEPRECATED_OBJC_IMPLEMENTATIONS = YES;
				CLANG_WARN_DIRECT_OBJC_ISA_USAGE = YES_ERROR;
				CLANG_WARN_DOCUMENTATION_COMMENTS = YES;
				CLANG_WARN_EMPTY_BODY = YES;
				CLANG_WARN_ENUM_CONVERSION = YES;
				CLANG_WARN_INFINITE_RECURSION = YES;
				CLANG_WARN_INT_CONVERSION = YES;
				CLANG_WARN_NON_LITERAL_NULL_CONVERSION = YES;
				CLANG_WARN_OBJC_IMPLICIT_RETAIN_SELF = YES;
				CLANG_WARN_OBJC_LITERAL_CONVERSION = YES;
				CLANG_WARN_OBJC_ROOT_CLASS = YES_ERROR;
				CLANG_WARN_RANGE_LOOP_ANALYSIS = YES;
				CLANG_WARN_STRICT_PROTOTYPES = YES;
				CLANG_WARN_SUSPICIOUS_MOVE = YES;
				CLANG_WARN_UNGUARDED_AVAILABILITY = YES_AGGRESSIVE;
				CLANG_WARN_UNREACHABLE_CODE = YES;
				CLANG_WARN__DUPLICATE_METHOD_MATCH = YES;
				COPY_PHASE_STRIP = NO;
				DEBUG_INFORMATION_FORMAT = "dwarf-with-dsym";
				ENABLE_NS_ASSERTIONS = NO;
				ENABLE_STRICT_OBJC_MSGSEND = YES;
				GCC_C_LANGUAGE_STANDARD = gnu11;
				GCC_NO_COMMON_BLOCKS = YES;
				GCC_WARN_64_TO_32_BIT_CONVERSION = YES;
				GCC_WARN_ABOUT_RETURN_TYPE = YES_ERROR;
				GCC_WARN_UNDECLARED_SELECTOR = YES;
				GCC_WARN_UNINITIALIZED_AUTOS = YES_AGGRESSIVE;
				GCC_WARN_UNUSED_FUNCTION = YES;
				GCC_WARN_UNUSED_VARIABLE = YES;
				IPHONEOS_DEPLOYMENT_TARGET = 13.4;
				MTL_ENABLE_DEBUG_INFO = NO;
				MTL_FAST_MATH = YES;
				SDKROOT = iphoneos;
				SWIFT_COMPILATION_MODE = wholemodule;
				SWIFT_OPTIMIZATION_LEVEL = "-O";
				VALIDATE_PRODUCT = YES;
			};
			name = Release;
		};
		CE075550245B59B5005D1996 /* Debug */ = {
			isa = XCBuildConfiguration;
			buildSettings = {
				ASSETCATALOG_COMPILER_APPICON_NAME = AppIcon;
				CODE_SIGN_STYLE = Automatic;
				DEVELOPMENT_ASSET_PATHS = "\"SwiftUICombineBase/Preview Content\"";
				DEVELOPMENT_TEAM = 8NN27Z7TQR;
				ENABLE_PREVIEWS = YES;
				INFOPLIST_FILE = SwiftUICombineBase/Info.plist;
				LD_RUNPATH_SEARCH_PATHS = (
					"$(inherited)",
					"@executable_path/Frameworks",
				);
				PRODUCT_BUNDLE_IDENTIFIER = com.shalomfriss.SwiftUICombineBase;
				PRODUCT_NAME = "$(TARGET_NAME)";
				SWIFT_VERSION = 5.0;
				TARGETED_DEVICE_FAMILY = "1,2";
			};
			name = Debug;
		};
		CE075551245B59B5005D1996 /* Release */ = {
			isa = XCBuildConfiguration;
			buildSettings = {
				ASSETCATALOG_COMPILER_APPICON_NAME = AppIcon;
				CODE_SIGN_STYLE = Automatic;
				DEVELOPMENT_ASSET_PATHS = "\"SwiftUICombineBase/Preview Content\"";
				DEVELOPMENT_TEAM = 8NN27Z7TQR;
				ENABLE_PREVIEWS = YES;
				INFOPLIST_FILE = SwiftUICombineBase/Info.plist;
				LD_RUNPATH_SEARCH_PATHS = (
					"$(inherited)",
					"@executable_path/Frameworks",
				);
				PRODUCT_BUNDLE_IDENTIFIER = com.shalomfriss.SwiftUICombineBase;
				PRODUCT_NAME = "$(TARGET_NAME)";
				SWIFT_VERSION = 5.0;
				TARGETED_DEVICE_FAMILY = "1,2";
			};
			name = Release;
		};
		CE075553245B59B5005D1996 /* Debug */ = {
			isa = XCBuildConfiguration;
			buildSettings = {
				ALWAYS_EMBED_SWIFT_STANDARD_LIBRARIES = YES;
				BUNDLE_LOADER = "$(TEST_HOST)";
				CODE_SIGN_STYLE = Automatic;
				DEVELOPMENT_TEAM = 8NN27Z7TQR;
				INFOPLIST_FILE = SwiftUICombineBaseTests/Info.plist;
				IPHONEOS_DEPLOYMENT_TARGET = 13.4;
				LD_RUNPATH_SEARCH_PATHS = (
					"$(inherited)",
					"@executable_path/Frameworks",
					"@loader_path/Frameworks",
				);
				PRODUCT_BUNDLE_IDENTIFIER = com.shalomfriss.SwiftUICombineBaseTests;
				PRODUCT_NAME = "$(TARGET_NAME)";
				SWIFT_VERSION = 5.0;
				TARGETED_DEVICE_FAMILY = "1,2";
				TEST_HOST = "$(BUILT_PRODUCTS_DIR)/SwiftUICombineBase.app/SwiftUICombineBase";
			};
			name = Debug;
		};
		CE075554245B59B5005D1996 /* Release */ = {
			isa = XCBuildConfiguration;
			buildSettings = {
				ALWAYS_EMBED_SWIFT_STANDARD_LIBRARIES = YES;
				BUNDLE_LOADER = "$(TEST_HOST)";
				CODE_SIGN_STYLE = Automatic;
				DEVELOPMENT_TEAM = 8NN27Z7TQR;
				INFOPLIST_FILE = SwiftUICombineBaseTests/Info.plist;
				IPHONEOS_DEPLOYMENT_TARGET = 13.4;
				LD_RUNPATH_SEARCH_PATHS = (
					"$(inherited)",
					"@executable_path/Frameworks",
					"@loader_path/Frameworks",
				);
				PRODUCT_BUNDLE_IDENTIFIER = com.shalomfriss.SwiftUICombineBaseTests;
				PRODUCT_NAME = "$(TARGET_NAME)";
				SWIFT_VERSION = 5.0;
				TARGETED_DEVICE_FAMILY = "1,2";
				TEST_HOST = "$(BUILT_PRODUCTS_DIR)/SwiftUICombineBase.app/SwiftUICombineBase";
			};
			name = Release;
		};
		CE075556245B59B5005D1996 /* Debug */ = {
			isa = XCBuildConfiguration;
			buildSettings = {
				ALWAYS_EMBED_SWIFT_STANDARD_LIBRARIES = YES;
				CODE_SIGN_STYLE = Automatic;
				DEVELOPMENT_TEAM = 8NN27Z7TQR;
				INFOPLIST_FILE = SwiftUICombineBaseUITests/Info.plist;
				LD_RUNPATH_SEARCH_PATHS = (
					"$(inherited)",
					"@executable_path/Frameworks",
					"@loader_path/Frameworks",
				);
				PRODUCT_BUNDLE_IDENTIFIER = com.shalomfriss.SwiftUICombineBaseUITests;
				PRODUCT_NAME = "$(TARGET_NAME)";
				SWIFT_VERSION = 5.0;
				TARGETED_DEVICE_FAMILY = "1,2";
				TEST_TARGET_NAME = SwiftUICombineBase;
			};
			name = Debug;
		};
		CE075557245B59B5005D1996 /* Release */ = {
			isa = XCBuildConfiguration;
			buildSettings = {
				ALWAYS_EMBED_SWIFT_STANDARD_LIBRARIES = YES;
				CODE_SIGN_STYLE = Automatic;
				DEVELOPMENT_TEAM = 8NN27Z7TQR;
				INFOPLIST_FILE = SwiftUICombineBaseUITests/Info.plist;
				LD_RUNPATH_SEARCH_PATHS = (
					"$(inherited)",
					"@executable_path/Frameworks",
					"@loader_path/Frameworks",
				);
				PRODUCT_BUNDLE_IDENTIFIER = com.shalomfriss.SwiftUICombineBaseUITests;
				PRODUCT_NAME = "$(TARGET_NAME)";
				SWIFT_VERSION = 5.0;
				TARGETED_DEVICE_FAMILY = "1,2";
				TEST_TARGET_NAME = SwiftUICombineBase;
			};
			name = Release;
		};
/* End XCBuildConfiguration section */

/* Begin XCConfigurationList section */
		CE07551D245B59B0005D1996 /* Build configuration list for PBXProject "SwiftUICombineBase" */ = {
			isa = XCConfigurationList;
			buildConfigurations = (
				CE07554D245B59B5005D1996 /* Debug */,
				CE07554E245B59B5005D1996 /* Release */,
			);
			defaultConfigurationIsVisible = 0;
			defaultConfigurationName = Release;
		};
		CE07554F245B59B5005D1996 /* Build configuration list for PBXNativeTarget "SwiftUICombineBase" */ = {
			isa = XCConfigurationList;
			buildConfigurations = (
				CE075550245B59B5005D1996 /* Debug */,
				CE075551245B59B5005D1996 /* Release */,
			);
			defaultConfigurationIsVisible = 0;
			defaultConfigurationName = Release;
		};
		CE075552245B59B5005D1996 /* Build configuration list for PBXNativeTarget "SwiftUICombineBaseTests" */ = {
			isa = XCConfigurationList;
			buildConfigurations = (
				CE075553245B59B5005D1996 /* Debug */,
				CE075554245B59B5005D1996 /* Release */,
			);
			defaultConfigurationIsVisible = 0;
			defaultConfigurationName = Release;
		};
		CE075555245B59B5005D1996 /* Build configuration list for PBXNativeTarget "SwiftUICombineBaseUITests" */ = {
			isa = XCConfigurationList;
			buildConfigurations = (
				CE075556245B59B5005D1996 /* Debug */,
				CE075557245B59B5005D1996 /* Release */,
			);
			defaultConfigurationIsVisible = 0;
			defaultConfigurationName = Release;
		};
/* End XCConfigurationList section */

/* Begin XCVersionGroup section */
		CE075529245B59B0005D1996 /* SwiftUICombineBase.xcdatamodeld */ = {
			isa = XCVersionGroup;
			children = (
				CE07552A245B59B0005D1996 /* SwiftUICombineBase.xcdatamodel */,
			);
			currentVersion = CE07552A245B59B0005D1996 /* SwiftUICombineBase.xcdatamodel */;
			path = SwiftUICombineBase.xcdatamodeld;
			sourceTree = "<group>";
			versionGroupType = wrapper.xcdatamodel;
		};
/* End XCVersionGroup section */
	};
	rootObject = CE07551A245B59B0005D1996 /* Project object */;
}
